
Microsoft Visual Studio Solution File, Format Version 12.00
# Visual Studio 15
VisualStudioVersion = 15.0.27130.2036
MinimumVisualStudioVersion = 10.0.40219.1
Project("{2150E333-8FDC-42A3-9474-1A3956D46DE8}") = "0. UI", "0. UI", "{D13E91C8-E019-473A-AF55-23AB2A9E6CEF}"
EndProject
Project("{2150E333-8FDC-42A3-9474-1A3956D46DE8}") = "1. SE", "1. SE", "{A55FF33B-4AE2-4273-B743-8A157C084B31}"
EndProject
Project("{2150E333-8FDC-42A3-9474-1A3956D46DE8}") = "8. DB", "8. DB", "{1584FB85-994F-48DE-99F4-530CEA60CB84}"
EndProject
Project("{2150E333-8FDC-42A3-9474-1A3956D46DE8}") = "9. UT", "9. UT", "{3984A37F-DD7F-47DB-B47B-006E9A2354A7}"
EndProject
Project("{2150E333-8FDC-42A3-9474-1A3956D46DE8}") = "3. CO", "3. CO", "{54A3C6EB-1071-4A08-974F-ECB3489C9482}"
EndProject
Project("{9A19103F-16F7-4668-BE54-9A1E7A4F7556}") = "NewsPush.Entities", "NewsPush.Entities\NewsPush.Entities.csproj", "{386CA1FE-02A5-4252-B6F0-A7CC87B9D438}"
EndProject
Project("{9A19103F-16F7-4668-BE54-9A1E7A4F7556}") = "NewsPush.UniTest", "NewsPush.UniTest\NewsPush.UniTest.csproj", "{322FD0B8-E033-4452-AF83-68F32443593D}"
EndProject
Project("{2150E333-8FDC-42A3-9474-1A3956D46DE8}") = "2. PE", "2. PE", "{359916EC-AEEF-4370-84B5-832500736044}"
EndProject
Project("{9A19103F-16F7-4668-BE54-9A1E7A4F7556}") = "NewsPush.DA", "NewsPush.DA\NewsPush.DA.csproj", "{626A238B-3234-4D55-92B9-F39121672C47}"
EndProject
Project("{9A19103F-16F7-4668-BE54-9A1E7A4F7556}") = "NewsPush.DataAccess", "NewsPush.DataAccess\NewsPush.DataAccess.csproj", "{279059B7-F66D-4CC4-A57D-2BC29A1BB2DE}"
EndProject
Project("{9A19103F-16F7-4668-BE54-9A1E7A4F7556}") = "NewsPush.Api", "NewsPush.Api\NewsPush.Api.csproj", "{32849183-DE27-4E97-A5BD-FF656CD3DDFB}"
EndProject
Project("{9A19103F-16F7-4668-BE54-9A1E7A4F7556}") = "NewsPush.UI", "..\NewsPush.UI\NewsPush.UI.csproj", "{78714B00-EBD4-4911-8A18-289776DAEE0F}"
EndProject
Global
	GlobalSection(SolutionConfigurationPlatforms) = preSolution
		Debug|Any CPU = Debug|Any CPU
		Release|Any CPU = Release|Any CPU
	EndGlobalSection
	GlobalSection(ProjectConfigurationPlatforms) = postSolution
		{386CA1FE-02A5-4252-B6F0-A7CC87B9D438}.Debug|Any CPU.ActiveCfg = Debug|Any CPU
		{386CA1FE-02A5-4252-B6F0-A7CC87B9D438}.Debug|Any CPU.Build.0 = Debug|Any CPU
		{386CA1FE-02A5-4252-B6F0-A7CC87B9D438}.Release|Any CPU.ActiveCfg = Release|Any CPU
		{386CA1FE-02A5-4252-B6F0-A7CC87B9D438}.Release|Any CPU.Build.0 = Release|Any CPU
		{322FD0B8-E033-4452-AF83-68F32443593D}.Debug|Any CPU.ActiveCfg = Debug|Any CPU
		{322FD0B8-E033-4452-AF83-68F32443593D}.Debug|Any CPU.Build.0 = Debug|Any CPU
		{322FD0B8-E033-4452-AF83-68F32443593D}.Release|Any CPU.ActiveCfg = Release|Any CPU
		{322FD0B8-E033-4452-AF83-68F32443593D}.Release|Any CPU.Build.0 = Release|Any CPU
		{626A238B-3234-4D55-92B9-F39121672C47}.Debug|Any CPU.ActiveCfg = Debug|Any CPU
		{626A238B-3234-4D55-92B9-F39121672C47}.Debug|Any CPU.Build.0 = Debug|Any CPU
		{626A238B-3234-4D55-92B9-F39121672C47}.Release|Any CPU.ActiveCfg = Release|Any CPU
		{626A238B-3234-4D55-92B9-F39121672C47}.Release|Any CPU.Build.0 = Release|Any CPU
		{279059B7-F66D-4CC4-A57D-2BC29A1BB2DE}.Debug|Any CPU.ActiveCfg = Debug|Any CPU
		{279059B7-F66D-4CC4-A57D-2BC29A1BB2DE}.Debug|Any CPU.Build.0 = Debug|Any CPU
		{279059B7-F66D-4CC4-A57D-2BC29A1BB2DE}.Release|Any CPU.ActiveCfg = Release|Any CPU
		{279059B7-F66D-4CC4-A57D-2BC29A1BB2DE}.Release|Any CPU.Build.0 = Release|Any CPU
		{32849183-DE27-4E97-A5BD-FF656CD3DDFB}.Debug|Any CPU.ActiveCfg = Debug|Any CPU
		{32849183-DE27-4E97-A5BD-FF656CD3DDFB}.Debug|Any CPU.Build.0 = Debug|Any CPU
		{32849183-DE27-4E97-A5BD-FF656CD3DDFB}.Release|Any CPU.ActiveCfg = Release|Any CPU
		{32849183-DE27-4E97-A5BD-FF656CD3DDFB}.Release|Any CPU.Build.0 = Release|Any CPU
		{78714B00-EBD4-4911-8A18-289776DAEE0F}.Debug|Any CPU.ActiveCfg = Debug|Any CPU
		{78714B00-EBD4-4911-8A18-289776DAEE0F}.Debug|Any CPU.Build.0 = Debug|Any CPU
		{78714B00-EBD4-4911-8A18-289776DAEE0F}.Release|Any CPU.ActiveCfg = Release|Any CPU
		{78714B00-EBD4-4911-8A18-289776DAEE0F}.Release|Any CPU.Build.0 = Release|Any CPU
	EndGlobalSection
	GlobalSection(SolutionProperties) = preSolution
		HideSolutionNode = FALSE
	EndGlobalSection
	GlobalSection(NestedProjects) = preSolution
		{386CA1FE-02A5-4252-B6F0-A7CC87B9D438} = {54A3C6EB-1071-4A08-974F-ECB3489C9482}
		{322FD0B8-E033-4452-AF83-68F32443593D} = {3984A37F-DD7F-47DB-B47B-006E9A2354A7}
		{626A238B-3234-4D55-92B9-F39121672C47} = {359916EC-AEEF-4370-84B5-832500736044}
		{279059B7-F66D-4CC4-A57D-2BC29A1BB2DE} = {359916EC-AEEF-4370-84B5-832500736044}
		{32849183-DE27-4E97-A5BD-FF656CD3DDFB} = {A55FF33B-4AE2-4273-B743-8A157C084B31}
		{78714B00-EBD4-4911-8A18-289776DAEE0F} = {D13E91C8-E019-473A-AF55-23AB2A9E6CEF}
	EndGlobalSection
	GlobalSection(ExtensibilityGlobals) = postSolution
		SolutionGuid = {9E9D5273-F88A-4E15-94C7-AB88DE5EA3B5}
	EndGlobalSection
EndGlobal
